
Microsoft Visual Studio Solution File, Format Version 12.00
# Visual Studio Version 17
VisualStudioVersion = 17.1.32210.238
MinimumVisualStudioVersion = 10.0.40219.1
Project("{FAE04EC0-301F-11D3-BF4B-00C04F79EFBC}") = "Task2", "Task2\Task2.csproj", "{0037FAC9-A6B4-4560-88BC-9352C66C9A9B}"
EndProject
Project("{FAE04EC0-301F-11D3-BF4B-00C04F79EFBC}") = "Task3", "Task3\Task3.csproj", "{5046107D-8AAE-4187-838C-3C743F551988}"
EndProject
Project("{FAE04EC0-301F-11D3-BF4B-00C04F79EFBC}") = "Task4", "Task4\Task4.csproj", "{1BC346F3-C831-4EC1-970E-532DD52491FE}"
EndProject
Project("{FAE04EC0-301F-11D3-BF4B-00C04F79EFBC}") = "Task1", "Task1\Task1.csproj", "{A498AF60-317D-40F9-86E7-7FFF8DD27598}"
EndProject
Global
	GlobalSection(SolutionConfigurationPlatforms) = preSolution
		Debug|Any CPU = Debug|Any CPU
		Release|Any CPU = Release|Any CPU
	EndGlobalSection
	GlobalSection(ProjectConfigurationPlatforms) = postSolution
		{0037FAC9-A6B4-4560-88BC-9352C66C9A9B}.Debug|Any CPU.ActiveCfg = Debug|Any CPU
		{0037FAC9-A6B4-4560-88BC-9352C66C9A9B}.Debug|Any CPU.Build.0 = Debug|Any CPU
		{0037FAC9-A6B4-4560-88BC-9352C66C9A9B}.Release|Any CPU.ActiveCfg = Release|Any CPU
		{0037FAC9-A6B4-4560-88BC-9352C66C9A9B}.Release|Any CPU.Build.0 = Release|Any CPU
		{5046107D-8AAE-4187-838C-3C743F551988}.Debug|Any CPU.ActiveCfg = Debug|Any CPU
		{5046107D-8AAE-4187-838C-3C743F551988}.Debug|Any CPU.Build.0 = Debug|Any CPU
		{5046107D-8AAE-4187-838C-3C743F551988}.Release|Any CPU.ActiveCfg = Release|Any CPU
		{5046107D-8AAE-4187-838C-3C743F551988}.Release|Any CPU.Build.0 = Release|Any CPU
		{1BC346F3-C831-4EC1-970E-532DD52491FE}.Debug|Any CPU.ActiveCfg = Debug|Any CPU
		{1BC346F3-C831-4EC1-970E-532DD52491FE}.Debug|Any CPU.Build.0 = Debug|Any CPU
		{1BC346F3-C831-4EC1-970E-532DD52491FE}.Release|Any CPU.ActiveCfg = Release|Any CPU
		{1BC346F3-C831-4EC1-970E-532DD52491FE}.Release|Any CPU.Build.0 = Release|Any CPU
		{A498AF60-317D-40F9-86E7-7FFF8DD27598}.Debug|Any CPU.ActiveCfg = Debug|Any CPU
		{A498AF60-317D-40F9-86E7-7FFF8DD27598}.Debug|Any CPU.Build.0 = Debug|Any CPU
		{A498AF60-317D-40F9-86E7-7FFF8DD27598}.Release|Any CPU.ActiveCfg = Release|Any CPU
		{A498AF60-317D-40F9-86E7-7FFF8DD27598}.Release|Any CPU.Build.0 = Release|Any CPU
	EndGlobalSection
	GlobalSection(SolutionProperties) = preSolution
		HideSolutionNode = FALSE
	EndGlobalSection
	GlobalSection(ExtensibilityGlobals) = postSolution
		SolutionGuid = {898F5367-EAFE-46DD-A6AB-975FCD50DD5E}
	EndGlobalSection
EndGlobal
